// !$*UTF8*$!
{
	archiveVersion = 1;
	classes = {
	};
	objectVersion = 77;
	objects = {

/* Begin PBXBuildFile section */
		7E0BF8832F4E1C0E00BAFC68 /* SPEC.md in Resources */ = {isa = PBXBuildFile; fileRef = 7E0BF8822F4E1C0E00BAFC68 /* SPEC.md */; };
		7E0BF8842F4E1C0E00BAFC68 /* CLAUDE.md in Resources */ = {isa = PBXBuildFile; fileRef = 7E0BF8812F4E1C0E00BAFC68 /* CLAUDE.md */; };
		7E0BF8FE2F4E6B1E00BAFC68 /* gotrue-version in Resources */ = {isa = PBXBuildFile; fileRef = 7E0BF8EF2F4E6B1E00BAFC68 /* gotrue-version */; };
		7E0BF8FF2F4E6B1E00BAFC68 /* postgres-version in Resources */ = {isa = PBXBuildFile; fileRef = 7E0BF8F12F4E6B1E00BAFC68 /* postgres-version */; };
		7E0BF9002F4E6B1E00BAFC68 /* storage-migration in Resources */ = {isa = PBXBuildFile; fileRef = 7E0BF8F42F4E6B1E00BAFC68 /* storage-migration */; };
		7E0BF9012F4E6B1E00BAFC68 /* project-ref in Resources */ = {isa = PBXBuildFile; fileRef = 7E0BF8F22F4E6B1E00BAFC68 /* project-ref */; };
		7E0BF9022F4E6B1E00BAFC68 /* pooler-url in Resources */ = {isa = PBXBuildFile; fileRef = 7E0BF8F02F4E6B1E00BAFC68 /* pooler-url */; };
		7E0BF9032F4E6B1E00BAFC68 /* cli-latest in Resources */ = {isa = PBXBuildFile; fileRef = 7E0BF8EE2F4E6B1E00BAFC68 /* cli-latest */; };
		7E0BF9042F4E6B1E00BAFC68 /* .gitignore in Resources */ = {isa = PBXBuildFile; fileRef = 7E0BF8FB2F4E6B1E00BAFC68 /* .gitignore */; };
		7E0BF9052F4E6B1E00BAFC68 /* rest-version in Resources */ = {isa = PBXBuildFile; fileRef = 7E0BF8F32F4E6B1E00BAFC68 /* rest-version */; };
		7E0BF9062F4E6B1E00BAFC68 /* storage-version in Resources */ = {isa = PBXBuildFile; fileRef = 7E0BF8F52F4E6B1E00BAFC68 /* storage-version */; };
		7E0BF9072F4E6B1E00BAFC68 /* _current_branch in Resources */ = {isa = PBXBuildFile; fileRef = 7E0BF8EC2F4E6B1E00BAFC68 /* _current_branch */; };
		7E0BF9082F4E6B1E00BAFC68 /* config.toml in Resources */ = {isa = PBXBuildFile; fileRef = 7E0BF8FC2F4E6B1E00BAFC68 /* config.toml */; };
		7E0BF90A2F4E6D5E00BAFC68 /* roomscore-prompt-v2.md in Resources */ = {isa = PBXBuildFile; fileRef = 7E0BF9092F4E6D5E00BAFC68 /* roomscore-prompt-v2.md */; };
		7E0C6CB92F54917500F570D2 /* FirebaseAnalytics in Frameworks */ = {isa = PBXBuildFile; productRef = 7EFA00012F5380A000000001 /* FirebaseAnalytics */; };
		7E0C6D332F5497BD00F570D2 /* TRACKING_PLAN.md in Resources */ = {isa = PBXBuildFile; fileRef = 7E0C6D322F5497BD00F570D2 /* TRACKING_PLAN.md */; };
		7EC184D12F5124740088CAF9 /* StoreKit.framework in Frameworks */ = {isa = PBXBuildFile; fileRef = 7EC184D02F5124740088CAF9 /* StoreKit.framework */; };
/* End PBXBuildFile section */

/* Begin PBXContainerItemProxy section */
		080E313D66A5D65E9F438F34 /* PBXContainerItemProxy */ = {
			isa = PBXContainerItemProxy;
			containerPortal = 7E0BF8692F4E1B9800BAFC68 /* Project object */;
			proxyType = 1;
			remoteGlobalIDString = 7E0BF8702F4E1B9800BAFC68;
			remoteInfo = RoastMyRoom;
		};
/* End PBXContainerItemProxy section */

/* Begin PBXFileReference section */
		7E0BF8712F4E1B9800BAFC68 /* RoastMyRoom.app */ = {isa = PBXFileReference; explicitFileType = wrapper.application; includeInIndex = 0; path = RoastMyRoom.app; sourceTree = BUILT_PRODUCTS_DIR; };
		7E0BF8812F4E1C0E00BAFC68 /* CLAUDE.md */ = {isa = PBXFileReference; lastKnownFileType = net.daringfireball.markdown; path = CLAUDE.md; sourceTree = "<group>"; };
		7E0BF8822F4E1C0E00BAFC68 /* SPEC.md */ = {isa = PBXFileReference; lastKnownFileType = net.daringfireball.markdown; path = SPEC.md; sourceTree = "<group>"; };
		7E0BF8EC2F4E6B1E00BAFC68 /* _current_branch */ = {isa = PBXFileReference; lastKnownFileType = text; path = _current_branch; sourceTree = "<group>"; };
		7E0BF8EE2F4E6B1E00BAFC68 /* cli-latest */ = {isa = PBXFileReference; lastKnownFileType = text; path = "cli-latest"; sourceTree = "<group>"; };
		7E0BF8EF2F4E6B1E00BAFC68 /* gotrue-version */ = {isa = PBXFileReference; lastKnownFileType = text; path = "gotrue-version"; sourceTree = "<group>"; };
		7E0BF8F02F4E6B1E00BAFC68 /* pooler-url */ = {isa = PBXFileReference; lastKnownFileType = text; path = "pooler-url"; sourceTree = "<group>"; };
		7E0BF8F12F4E6B1E00BAFC68 /* postgres-version */ = {isa = PBXFileReference; lastKnownFileType = text; path = "postgres-version"; sourceTree = "<group>"; };
		7E0BF8F22F4E6B1E00BAFC68 /* project-ref */ = {isa = PBXFileReference; lastKnownFileType = text; path = "project-ref"; sourceTree = "<group>"; };
		7E0BF8F32F4E6B1E00BAFC68 /* rest-version */ = {isa = PBXFileReference; lastKnownFileType = text; path = "rest-version"; sourceTree = "<group>"; };
		7E0BF8F42F4E6B1E00BAFC68 /* storage-migration */ = {isa = PBXFileReference; lastKnownFileType = text; path = "storage-migration"; sourceTree = "<group>"; };
		7E0BF8F52F4E6B1E00BAFC68 /* storage-version */ = {isa = PBXFileReference; lastKnownFileType = text; path = "storage-version"; sourceTree = "<group>"; };
		7E0BF8F72F4E6B1E00BAFC68 /* index.ts */ = {isa = PBXFileReference; lastKnownFileType = sourcecode.typescript; path = index.ts; sourceTree = "<group>"; };
		7E0BF8FB2F4E6B1E00BAFC68 /* .gitignore */ = {isa = PBXFileReference; lastKnownFileType = text; path = .gitignore; sourceTree = "<group>"; };
		7E0BF8FC2F4E6B1E00BAFC68 /* config.toml */ = {isa = PBXFileReference; lastKnownFileType = text; path = config.toml; sourceTree = "<group>"; };
		7E0BF9092F4E6D5E00BAFC68 /* roomscore-prompt-v2.md */ = {isa = PBXFileReference; lastKnownFileType = net.daringfireball.markdown; path = "roomscore-prompt-v2.md"; sourceTree = "<group>"; };
		7E0C6D322F5497BD00F570D2 /* TRACKING_PLAN.md */ = {isa = PBXFileReference; lastKnownFileType = net.daringfireball.markdown; path = TRACKING_PLAN.md; sourceTree = "<group>"; };
		7EC184D02F5124740088CAF9 /* StoreKit.framework */ = {isa = PBXFileReference; lastKnownFileType = wrapper.framework; name = StoreKit.framework; path = System/Library/Frameworks/StoreKit.framework; sourceTree = SDKROOT; };
		8660408BFA332DD7502284FC /* RoastMyRoomTests.xctest */ = {isa = PBXFileReference; explicitFileType = wrapper.cfbundle; includeInIndex = 0; path = RoastMyRoomTests.xctest; sourceTree = BUILT_PRODUCTS_DIR; };
/* End PBXFileReference section */

/* Begin PBXFileSystemSynchronizedBuildFileExceptionSet section */
		7E0BF8BF2F4E1EEA00BAFC68 /* Exceptions for "RoastMyRoom" folder in "RoastMyRoom" target */ = {
			isa = PBXFileSystemSynchronizedBuildFileExceptionSet;
			membershipExceptions = (
				Info.plist,
			);
			target = 7E0BF8702F4E1B9800BAFC68 /* RoastMyRoom */;
		};
/* End PBXFileSystemSynchronizedBuildFileExceptionSet section */

/* Begin PBXFileSystemSynchronizedRootGroup section */
		7E0BF8732F4E1B9800BAFC68 /* RoastMyRoom */ = {
			isa = PBXFileSystemSynchronizedRootGroup;
			exceptions = (
				7E0BF8BF2F4E1EEA00BAFC68 /* Exceptions for "RoastMyRoom" folder in "RoastMyRoom" target */,
			);
			path = RoastMyRoom;
			sourceTree = "<group>";
		};
		289353E38A2DEF86C28260CD /* RoastMyRoomTests */ = {
			isa = PBXFileSystemSynchronizedRootGroup;
			path = RoastMyRoomTests;
			sourceTree = "<group>";
		};
/* End PBXFileSystemSynchronizedRootGroup section */

/* Begin PBXFrameworksBuildPhase section */
		7E0BF86E2F4E1B9800BAFC68 /* Frameworks */ = {
			isa = PBXFrameworksBuildPhase;
			buildActionMask = 2147483647;
			files = (
				7E0C6CB92F54917500F570D2 /* FirebaseAnalytics in Frameworks */,
				7EC184D12F5124740088CAF9 /* StoreKit.framework in Frameworks */,
			);
			runOnlyForDeploymentPostprocessing = 0;
		};
		55CA9DCDBAF2650330A1050B /* Frameworks */ = {
			isa = PBXFrameworksBuildPhase;
			buildActionMask = 2147483647;
			files = (
			);
			runOnlyForDeploymentPostprocessing = 0;
		};
/* End PBXFrameworksBuildPhase section */

/* Begin PBXGroup section */
		7E0BF8682F4E1B9800BAFC68 = {
			isa = PBXGroup;
			children = (
				7E0BF8732F4E1B9800BAFC68 /* RoastMyRoom */,
				289353E38A2DEF86C28260CD /* RoastMyRoomTests */,
				7E0BF8722F4E1B9800BAFC68 /* Products */,
				7E0BF8812F4E1C0E00BAFC68 /* CLAUDE.md */,
				7E0C6D322F5497BD00F570D2 /* TRACKING_PLAN.md */,
				7E0BF8822F4E1C0E00BAFC68 /* SPEC.md */,
				7E0BF9092F4E6D5E00BAFC68 /* roomscore-prompt-v2.md */,
				7E0BF8FD2F4E6B1E00BAFC68 /* supabase */,
				7EC184CF2F5124730088CAF9 /* Frameworks */,
			);
			sourceTree = "<group>";
		};
		7E0BF8722F4E1B9800BAFC68 /* Products */ = {
			isa = PBXGroup;
			children = (
				7E0BF8712F4E1B9800BAFC68 /* RoastMyRoom.app */,
				8660408BFA332DD7502284FC /* RoastMyRoomTests.xctest */,
			);
			name = Products;
			sourceTree = "<group>";
		};
		7E0BF8ED2F4E6B1E00BAFC68 /* .branches */ = {
			isa = PBXGroup;
			children = (
				7E0BF8EC2F4E6B1E00BAFC68 /* _current_branch */,
			);
			path = .branches;
			sourceTree = "<group>";
		};
		7E0BF8F62F4E6B1E00BAFC68 /* .temp */ = {
			isa = PBXGroup;
			children = (
				7E0BF8EE2F4E6B1E00BAFC68 /* cli-latest */,
				7E0BF8EF2F4E6B1E00BAFC68 /* gotrue-version */,
				7E0BF8F02F4E6B1E00BAFC68 /* pooler-url */,
				7E0BF8F12F4E6B1E00BAFC68 /* postgres-version */,
				7E0BF8F22F4E6B1E00BAFC68 /* project-ref */,
				7E0BF8F32F4E6B1E00BAFC68 /* rest-version */,
				7E0BF8F42F4E6B1E00BAFC68 /* storage-migration */,
				7E0BF8F52F4E6B1E00BAFC68 /* storage-version */,
			);
			path = .temp;
			sourceTree = "<group>";
		};
		7E0BF8F82F4E6B1E00BAFC68 /* score */ = {
			isa = PBXGroup;
			children = (
				7E0BF8F72F4E6B1E00BAFC68 /* index.ts */,
			);
			path = score;
			sourceTree = "<group>";
		};
		7E0BF8F92F4E6B1E00BAFC68 /* functions */ = {
			isa = PBXGroup;
			children = (
				7E0BF8F82F4E6B1E00BAFC68 /* score */,
			);
			path = functions;
			sourceTree = "<group>";
		};
		7E0BF8FA2F4E6B1E00BAFC68 /* snippets */ = {
			isa = PBXGroup;
			children = (
			);
			path = snippets;
			sourceTree = "<group>";
		};
		7E0BF8FD2F4E6B1E00BAFC68 /* supabase */ = {
			isa = PBXGroup;
			children = (
				7E0BF8ED2F4E6B1E00BAFC68 /* .branches */,
				7E0BF8F62F4E6B1E00BAFC68 /* .temp */,
				7E0BF8F92F4E6B1E00BAFC68 /* functions */,
				7E0BF8FA2F4E6B1E00BAFC68 /* snippets */,
				7E0BF8FB2F4E6B1E00BAFC68 /* .gitignore */,
				7E0BF8FC2F4E6B1E00BAFC68 /* config.toml */,
			);
			path = supabase;
			sourceTree = "<group>";
		};
		7EC184CF2F5124730088CAF9 /* Frameworks */ = {
			isa = PBXGroup;
			children = (
				7EC184D02F5124740088CAF9 /* StoreKit.framework */,
			);
			name = Frameworks;
			sourceTree = "<group>";
		};
/* End PBXGroup section */

/* Begin PBXNativeTarget section */
		7E0BF8702F4E1B9800BAFC68 /* RoastMyRoom */ = {
			isa = PBXNativeTarget;
			buildConfigurationList = 7E0BF87E2F4E1B9900BAFC68 /* Build configuration list for PBXNativeTarget "RoastMyRoom" */;
			buildPhases = (
				7E0BF86D2F4E1B9800BAFC68 /* Sources */,
				7E0BF86E2F4E1B9800BAFC68 /* Frameworks */,
				7E0BF86F2F4E1B9800BAFC68 /* Resources */,
			);
			buildRules = (
			);
			dependencies = (
			);
			fileSystemSynchronizedGroups = (
				7E0BF8732F4E1B9800BAFC68 /* RoastMyRoom */,
			);
			name = RoastMyRoom;
			packageProductDependencies = (
				7EFA00012F5380A000000001 /* FirebaseAnalytics */,
			);
			productName = RoastMyRoom;
			productReference = 7E0BF8712F4E1B9800BAFC68 /* RoastMyRoom.app */;
			productType = "com.apple.product-type.application";
		};
		17A44A35BCE1A812E4650EC5 /* RoastMyRoomTests */ = {
			isa = PBXNativeTarget;
			buildConfigurationList = 0C6A489D727547B5526AF473 /* Build configuration list for PBXNativeTarget "RoastMyRoomTests" */;
			buildPhases = (
				BFA1BE13201CF8ECF6DCD7F7 /* Sources */,
				55CA9DCDBAF2650330A1050B /* Frameworks */,
				9364B4C3B86E9FB1A565D6FD /* Resources */,
			);
			buildRules = (
			);
			dependencies = (
				97C116957FABC1A41C5DADC3 /* PBXTargetDependency */,
			);
			fileSystemSynchronizedGroups = (
				289353E38A2DEF86C28260CD /* RoastMyRoomTests */,
			);
			name = RoastMyRoomTests;
			productName = RoastMyRoomTests;
			productReference = 8660408BFA332DD7502284FC /* RoastMyRoomTests.xctest */;
			productType = "com.apple.product-type.bundle.unit-test";
		};
/* End PBXNativeTarget section */

/* Begin PBXProject section */
		7E0BF8692F4E1B9800BAFC68 /* Project object */ = {
			isa = PBXProject;
			attributes = {
				BuildIndependentTargetsInParallel = 1;
				LastSwiftUpdateCheck = 2630;
				LastUpgradeCheck = 2630;
				TargetAttributes = {
					7E0BF8702F4E1B9800BAFC68 = {
						CreatedOnToolsVersion = 26.3;
					};
					17A44A35BCE1A812E4650EC5 = {
						CreatedOnToolsVersion = 26.3;
						TestTargetID = 7E0BF8702F4E1B9800BAFC68;
					};
				};
			};
			buildConfigurationList = 7E0BF86C2F4E1B9800BAFC68 /* Build configuration list for PBXProject "RoastMyRoom" */;
			developmentRegion = en;
			hasScannedForEncodings = 0;
			knownRegions = (
				en,
				Base,
				fr,
				es,
				de,
			);
			mainGroup = 7E0BF8682F4E1B9800BAFC68;
			minimizedProjectReferenceProxies = 1;
			packageReferences = (
				7EFA00012F5380A000000002 /* XCRemoteSwiftPackageReference "firebase-ios-sdk" */,
			);
			preferredProjectObjectVersion = 77;
			productRefGroup = 7E0BF8722F4E1B9800BAFC68 /* Products */;
			projectDirPath = "";
			projectRoot = "";
			targets = (
				7E0BF8702F4E1B9800BAFC68 /* RoastMyRoom */,
				17A44A35BCE1A812E4650EC5 /* RoastMyRoomTests */,
			);
		};
/* End PBXProject section */

/* Begin PBXResourcesBuildPhase section */
		7E0BF86F2F4E1B9800BAFC68 /* Resources */ = {
			isa = PBXResourcesBuildPhase;
			buildActionMask = 2147483647;
			files = (
				7E0BF8FE2F4E6B1E00BAFC68 /* gotrue-version in Resources */,
				7E0BF90A2F4E6D5E00BAFC68 /* roomscore-prompt-v2.md in Resources */,
				7E0BF8FF2F4E6B1E00BAFC68 /* postgres-version in Resources */,
				7E0BF9002F4E6B1E00BAFC68 /* storage-migration in Resources */,
				7E0BF9012F4E6B1E00BAFC68 /* project-ref in Resources */,
				7E0BF9022F4E6B1E00BAFC68 /* pooler-url in Resources */,
				7E0BF9032F4E6B1E00BAFC68 /* cli-latest in Resources */,
				7E0C6D332F5497BD00F570D2 /* TRACKING_PLAN.md in Resources */,
				7E0BF9042F4E6B1E00BAFC68 /* .gitignore in Resources */,
				7E0BF9052F4E6B1E00BAFC68 /* rest-version in Resources */,
				7E0BF9062F4E6B1E00BAFC68 /* storage-version in Resources */,
				7E0BF9072F4E6B1E00BAFC68 /* _current_branch in Resources */,
				7E0BF9082F4E6B1E00BAFC68 /* config.toml in Resources */,
				7E0BF8832F4E1C0E00BAFC68 /* SPEC.md in Resources */,
				7E0BF8842F4E1C0E00BAFC68 /* CLAUDE.md in Resources */,
			);
			runOnlyForDeploymentPostprocessing = 0;
		};
		9364B4C3B86E9FB1A565D6FD /* Resources */ = {
			isa = PBXResourcesBuildPhase;
			buildActionMask = 2147483647;
			files = (
			);
			runOnlyForDeploymentPostprocessing = 0;
		};
/* End PBXResourcesBuildPhase section */

/* Begin PBXSourcesBuildPhase section */
		7E0BF86D2F4E1B9800BAFC68 /* Sources */ = {
			isa = PBXSourcesBuildPhase;
			buildActionMask = 2147483647;
			files = (
			);
			runOnlyForDeploymentPostprocessing = 0;
		};
		BFA1BE13201CF8ECF6DCD7F7 /* Sources */ = {
			isa = PBXSourcesBuildPhase;
			buildActionMask = 2147483647;
			files = (
			);
			runOnlyForDeploymentPostprocessing = 0;
		};
/* End PBXSourcesBuildPhase section */

/* Begin PBXTargetDependency section */
		97C116957FABC1A41C5DADC3 /* PBXTargetDependency */ = {
			isa = PBXTargetDependency;
			target = 7E0BF8702F4E1B9800BAFC68 /* RoastMyRoom */;
			targetProxy = 080E313D66A5D65E9F438F34 /* PBXContainerItemProxy */;
		};
/* End PBXTargetDependency section */

/* Begin XCBuildConfiguration section */
		7E0BF87C2F4E1B9900BAFC68 /* Debug */ = {
			isa = XCBuildConfiguration;
			buildSettings = {
				ALWAYS_SEARCH_USER_PATHS = NO;
				ASSETCATALOG_COMPILER_GENERATE_SWIFT_ASSET_SYMBOL_EXTENSIONS = YES;
				CLANG_ANALYZER_NONNULL = YES;
				CLANG_ANALYZER_NUMBER_OBJECT_CONVERSION = YES_AGGRESSIVE;
				CLANG_CXX_LANGUAGE_STANDARD = "gnu++20";
				CLANG_ENABLE_MODULES = YES;
				CLANG_ENABLE_OBJC_ARC = YES;
				CLANG_ENABLE_OBJC_WEAK = YES;
				CLANG_WARN_BLOCK_CAPTURE_AUTORELEASING = YES;
				CLANG_WARN_BOOL_CONVERSION = YES;
				CLANG_WARN_COMMA = YES;
				CLANG_WARN_CONSTANT_CONVERSION = YES;
				CLANG_WARN_DEPRECATED_OBJC_IMPLEMENTATIONS = YES;
				CLANG_WARN_DIRECT_OBJC_ISA_USAGE = YES_ERROR;
				CLANG_WARN_DOCUMENTATION_COMMENTS = YES;
				CLANG_WARN_EMPTY_BODY = YES;
				CLANG_WARN_ENUM_CONVERSION = YES;
				CLANG_WARN_INFINITE_RECURSION = YES;
				CLANG_WARN_INT_CONVERSION = YES;
				CLANG_WARN_NON_LITERAL_NULL_CONVERSION = YES;
				CLANG_WARN_OBJC_IMPLICIT_RETAIN_SELF = YES;
				CLANG_WARN_OBJC_LITERAL_CONVERSION = YES;
				CLANG_WARN_OBJC_ROOT_CLASS = YES_ERROR;
				CLANG_WARN_QUOTED_INCLUDE_IN_FRAMEWORK_HEADER = YES;
				CLANG_WARN_RANGE_LOOP_ANALYSIS = YES;
				CLANG_WARN_STRICT_PROTOTYPES = YES;
				CLANG_WARN_SUSPICIOUS_MOVE = YES;
				CLANG_WARN_UNGUARDED_AVAILABILITY = YES_AGGRESSIVE;
				CLANG_WARN_UNREACHABLE_CODE = YES;
				CLANG_WARN__DUPLICATE_METHOD_MATCH = YES;
				COPY_PHASE_STRIP = NO;
				DEBUG_INFORMATION_FORMAT = dwarf;
				DEVELOPMENT_TEAM = W8FBDWFCMJ;
				ENABLE_STRICT_OBJC_MSGSEND = YES;
				ENABLE_TESTABILITY = YES;
				ENABLE_USER_SCRIPT_SANDBOXING = YES;
				GCC_C_LANGUAGE_STANDARD = gnu17;
				GCC_DYNAMIC_NO_PIC = NO;
				GCC_NO_COMMON_BLOCKS = YES;
				GCC_OPTIMIZATION_LEVEL = 0;
				GCC_PREPROCESSOR_DEFINITIONS = (
					"DEBUG=1",
					"$(inherited)",
				);
				GCC_WARN_64_TO_32_BIT_CONVERSION = YES;
				GCC_WARN_ABOUT_RETURN_TYPE = YES_ERROR;
				GCC_WARN_UNDECLARED_SELECTOR = YES;
				GCC_WARN_UNINITIALIZED_AUTOS = YES_AGGRESSIVE;
				GCC_WARN_UNUSED_FUNCTION = YES;
				GCC_WARN_UNUSED_VARIABLE = YES;
				IPHONEOS_DEPLOYMENT_TARGET = 26.2;
				LOCALIZATION_PREFERS_STRING_CATALOGS = YES;
				MTL_ENABLE_DEBUG_INFO = INCLUDE_SOURCE;
				MTL_FAST_MATH = YES;
				ONLY_ACTIVE_ARCH = YES;
				SDKROOT = iphoneos;
				SWIFT_ACTIVE_COMPILATION_CONDITIONS = "DEBUG $(inherited)";
				SWIFT_OPTIMIZATION_LEVEL = "-Onone";
			};
			name = Debug;
		};
		7E0BF87D2F4E1B9900BAFC68 /* Release */ = {
			isa = XCBuildConfiguration;
			buildSettings = {
				ALWAYS_SEARCH_USER_PATHS = NO;
				ASSETCATALOG_COMPILER_GENERATE_SWIFT_ASSET_SYMBOL_EXTENSIONS = YES;
				CLANG_ANALYZER_NONNULL = YES;
				CLANG_ANALYZER_NUMBER_OBJECT_CONVERSION = YES_AGGRESSIVE;
				CLANG_CXX_LANGUAGE_STANDARD = "gnu++20";
				CLANG_ENABLE_MODULES = YES;
				CLANG_ENABLE_OBJC_ARC = YES;
				CLANG_ENABLE_OBJC_WEAK = YES;
				CLANG_WARN_BLOCK_CAPTURE_AUTORELEASING = YES;
				CLANG_WARN_BOOL_CONVERSION = YES;
				CLANG_WARN_COMMA = YES;
				CLANG_WARN_CONSTANT_CONVERSION = YES;
				CLANG_WARN_DEPRECATED_OBJC_IMPLEMENTATIONS = YES;
				CLANG_WARN_DIRECT_OBJC_ISA_USAGE = YES_ERROR;
				CLANG_WARN_DOCUMENTATION_COMMENTS = YES;
				CLANG_WARN_EMPTY_BODY = YES;
				CLANG_WARN_ENUM_CONVERSION = YES;
				CLANG_WARN_INFINITE_RECURSION = YES;
				CLANG_WARN_INT_CONVERSION = YES;
				CLANG_WARN_NON_LITERAL_NULL_CONVERSION = YES;
				CLANG_WARN_OBJC_IMPLICIT_RETAIN_SELF = YES;
				CLANG_WARN_OBJC_LITERAL_CONVERSION = YES;
				CLANG_WARN_OBJC_ROOT_CLASS = YES_ERROR;
				CLANG_WARN_QUOTED_INCLUDE_IN_FRAMEWORK_HEADER = YES;
				CLANG_WARN_RANGE_LOOP_ANALYSIS = YES;
				CLANG_WARN_STRICT_PROTOTYPES = YES;
				CLANG_WARN_SUSPICIOUS_MOVE = YES;
				CLANG_WARN_UNGUARDED_AVAILABILITY = YES_AGGRESSIVE;
				CLANG_WARN_UNREACHABLE_CODE = YES;
				CLANG_WARN__DUPLICATE_METHOD_MATCH = YES;
				COPY_PHASE_STRIP = NO;
				DEBUG_INFORMATION_FORMAT = "dwarf-with-dsym";
				DEVELOPMENT_TEAM = W8FBDWFCMJ;
				ENABLE_NS_ASSERTIONS = NO;
				ENABLE_STRICT_OBJC_MSGSEND = YES;
				ENABLE_USER_SCRIPT_SANDBOXING = YES;
				GCC_C_LANGUAGE_STANDARD = gnu17;
				GCC_NO_COMMON_BLOCKS = YES;
				GCC_WARN_64_TO_32_BIT_CONVERSION = YES;
				GCC_WARN_ABOUT_RETURN_TYPE = YES_ERROR;
				GCC_WARN_UNDECLARED_SELECTOR = YES;
				GCC_WARN_UNINITIALIZED_AUTOS = YES_AGGRESSIVE;
				GCC_WARN_UNUSED_FUNCTION = YES;
				GCC_WARN_UNUSED_VARIABLE = YES;
				IPHONEOS_DEPLOYMENT_TARGET = 26.2;
				LOCALIZATION_PREFERS_STRING_CATALOGS = YES;
				MTL_ENABLE_DEBUG_INFO = NO;
				MTL_FAST_MATH = YES;
				SDKROOT = iphoneos;
				SWIFT_COMPILATION_MODE = wholemodule;
				VALIDATE_PRODUCT = YES;
			};
			name = Release;
		};
		7E0BF87F2F4E1B9900BAFC68 /* Debug */ = {
			isa = XCBuildConfiguration;
			buildSettings = {
				ASSETCATALOG_COMPILER_APPICON_NAME = AppIcon;
				ASSETCATALOG_COMPILER_GLOBAL_ACCENT_COLOR_NAME = AccentColor;
				CODE_SIGN_ENTITLEMENTS = RoastMyRoom/RoastMyRoom.entitlements;
				CODE_SIGN_STYLE = Automatic;
				CURRENT_PROJECT_VERSION = 1;
				DEVELOPMENT_TEAM = W8FBDWFCMJ;
				ENABLE_PREVIEWS = YES;
				GENERATE_INFOPLIST_FILE = YES;
				INFOPLIST_FILE = RoastMyRoom/Info.plist;
				INFOPLIST_KEY_NSCameraUsageDescription = "Roast​My​Room needs camera access to photograph your rooms and score them.";
				INFOPLIST_KEY_UIApplicationSceneManifest_Generation = YES;
				INFOPLIST_KEY_UIApplicationSupportsIndirectInputEvents = YES;
				INFOPLIST_KEY_UISupportedInterfaceOrientations = UIInterfaceOrientationPortrait;
				INFOPLIST_KEY_UISupportedInterfaceOrientations_iPad = "UIInterfaceOrientationLandscapeLeft UIInterfaceOrientationLandscapeRight UIInterfaceOrientationPortrait UIInterfaceOrientationPortraitUpsideDown";
				LD_RUNPATH_SEARCH_PATHS = (
					"$(inherited)",
					"@executable_path/Frameworks",
				);
				MARKETING_VERSION = 1.0;
				PRODUCT_BUNDLE_IDENTIFIER = com.disco.RoastMyRoom;
				PRODUCT_NAME = "$(TARGET_NAME)";
				STRING_CATALOG_GENERATE_SYMBOLS = YES;
				SUPPORTED_PLATFORMS = "iphoneos iphonesimulator";
				SUPPORTS_MACCATALYST = NO;
				SUPPORTS_MAC_DESIGNED_FOR_IPHONE_IPAD = NO;
				SUPPORTS_XR_DESIGNED_FOR_IPHONE_IPAD = NO;
				SWIFT_APPROACHABLE_CONCURRENCY = YES;
				SWIFT_DEFAULT_ACTOR_ISOLATION = MainActor;
				SWIFT_EMIT_LOC_STRINGS = YES;
				SWIFT_UPCOMING_FEATURE_MEMBER_IMPORT_VISIBILITY = YES;
				SWIFT_VERSION = 6.0;
				TARGETED_DEVICE_FAMILY = "1,2";
			};
			name = Debug;
		};
		7E0BF8802F4E1B9900BAFC68 /* Release */ = {
			isa = XCBuildConfiguration;
			buildSettings = {
				ASSETCATALOG_COMPILER_APPICON_NAME = AppIcon;
				ASSETCATALOG_COMPILER_GLOBAL_ACCENT_COLOR_NAME = AccentColor;
				CODE_SIGN_ENTITLEMENTS = RoastMyRoom/RoastMyRoom.entitlements;
				CODE_SIGN_STYLE = Automatic;
				CURRENT_PROJECT_VERSION = 1;
				DEVELOPMENT_TEAM = W8FBDWFCMJ;
				ENABLE_PREVIEWS = YES;
				GENERATE_INFOPLIST_FILE = YES;
				INFOPLIST_FILE = RoastMyRoom/Info.plist;
				INFOPLIST_KEY_NSCameraUsageDescription = "Roast​My​Room needs camera access to photograph your rooms and score them.";
				INFOPLIST_KEY_UIApplicationSceneManifest_Generation = YES;
				INFOPLIST_KEY_UIApplicationSupportsIndirectInputEvents = YES;
				INFOPLIST_KEY_UISupportedInterfaceOrientations = UIInterfaceOrientationPortrait;
				INFOPLIST_KEY_UISupportedInterfaceOrientations_iPad = "UIInterfaceOrientationLandscapeLeft UIInterfaceOrientationLandscapeRight UIInterfaceOrientationPortrait UIInterfaceOrientationPortraitUpsideDown";
				LD_RUNPATH_SEARCH_PATHS = (
					"$(inherited)",
					"@executable_path/Frameworks",
				);
				MARKETING_VERSION = 1.0;
				PRODUCT_BUNDLE_IDENTIFIER = com.disco.RoastMyRoom;
				PRODUCT_NAME = "$(TARGET_NAME)";
				STRING_CATALOG_GENERATE_SYMBOLS = YES;
				SUPPORTED_PLATFORMS = "iphoneos iphonesimulator";
				SUPPORTS_MACCATALYST = NO;
				SUPPORTS_MAC_DESIGNED_FOR_IPHONE_IPAD = NO;
				SUPPORTS_XR_DESIGNED_FOR_IPHONE_IPAD = NO;
				SWIFT_APPROACHABLE_CONCURRENCY = YES;
				SWIFT_DEFAULT_ACTOR_ISOLATION = MainActor;
				SWIFT_EMIT_LOC_STRINGS = YES;
				SWIFT_UPCOMING_FEATURE_MEMBER_IMPORT_VISIBILITY = YES;
				SWIFT_VERSION = 6.0;
				TARGETED_DEVICE_FAMILY = "1,2";
			};
			name = Release;
		};
		992CA4D46D7EEE0AEFF3FCC6 /* Debug */ = {
			isa = XCBuildConfiguration;
			buildSettings = {
				BUNDLE_LOADER = "$(TEST_HOST)";
				CODE_SIGN_STYLE = Automatic;
				CURRENT_PROJECT_VERSION = 1;
				DEVELOPMENT_TEAM = W8FBDWFCMJ;
				GENERATE_INFOPLIST_FILE = YES;
				MARKETING_VERSION = 1.0;
				PRODUCT_BUNDLE_IDENTIFIER = com.disco.RoastMyRoomTests;
				PRODUCT_NAME = "$(TARGET_NAME)";
				SUPPORTED_PLATFORMS = "iphoneos iphonesimulator";
				SUPPORTS_MACCATALYST = NO;
				SUPPORTS_MAC_DESIGNED_FOR_IPHONE_IPAD = NO;
				SUPPORTS_XR_DESIGNED_FOR_IPHONE_IPAD = NO;
				SWIFT_APPROACHABLE_CONCURRENCY = YES;
				SWIFT_DEFAULT_ACTOR_ISOLATION = MainActor;
				SWIFT_EMIT_LOC_STRINGS = NO;
				SWIFT_VERSION = 6.0;
				TARGETED_DEVICE_FAMILY = "1,2";
				TEST_HOST = "$(BUILT_PRODUCTS_DIR)/RoastMyRoom.app/$(BUNDLE_EXECUTABLE_FOLDER_PATH)/RoastMyRoom";
			};
			name = Debug;
		};
		5D0DB20AC470E6E7B9EAD175 /* Release */ = {
			isa = XCBuildConfiguration;
			buildSettings = {
				BUNDLE_LOADER = "$(TEST_HOST)";
				CODE_SIGN_STYLE = Automatic;
				CURRENT_PROJECT_VERSION = 1;
				DEVELOPMENT_TEAM = W8FBDWFCMJ;
				GENERATE_INFOPLIST_FILE = YES;
				MARKETING_VERSION = 1.0;
				PRODUCT_BUNDLE_IDENTIFIER = com.disco.RoastMyRoomTests;
				PRODUCT_NAME = "$(TARGET_NAME)";
				SUPPORTED_PLATFORMS = "iphoneos iphonesimulator";
				SUPPORTS_MACCATALYST = NO;
				SUPPORTS_MAC_DESIGNED_FOR_IPHONE_IPAD = NO;
				SUPPORTS_XR_DESIGNED_FOR_IPHONE_IPAD = NO;
				SWIFT_APPROACHABLE_CONCURRENCY = YES;
				SWIFT_DEFAULT_ACTOR_ISOLATION = MainActor;
				SWIFT_EMIT_LOC_STRINGS = NO;
				SWIFT_VERSION = 6.0;
				TARGETED_DEVICE_FAMILY = "1,2";
				TEST_HOST = "$(BUILT_PRODUCTS_DIR)/RoastMyRoom.app/$(BUNDLE_EXECUTABLE_FOLDER_PATH)/RoastMyRoom";
			};
			name = Release;
		};
/* End XCBuildConfiguration section */

/* Begin XCConfigurationList section */
		7E0BF86C2F4E1B9800BAFC68 /* Build configuration list for PBXProject "RoastMyRoom" */ = {
			isa = XCConfigurationList;
			buildConfigurations = (
				7E0BF87C2F4E1B9900BAFC68 /* Debug */,
				7E0BF87D2F4E1B9900BAFC68 /* Release */,
			);
			defaultConfigurationIsVisible = 0;
			defaultConfigurationName = Release;
		};
		7E0BF87E2F4E1B9900BAFC68 /* Build configuration list for PBXNativeTarget "RoastMyRoom" */ = {
			isa = XCConfigurationList;
			buildConfigurations = (
				7E0BF87F2F4E1B9900BAFC68 /* Debug */,
				7E0BF8802F4E1B9900BAFC68 /* Release */,
			);
			defaultConfigurationIsVisible = 0;
			defaultConfigurationName = Release;
		};
		0C6A489D727547B5526AF473 /* Build configuration list for PBXNativeTarget "RoastMyRoomTests" */ = {
			isa = XCConfigurationList;
			buildConfigurations = (
				992CA4D46D7EEE0AEFF3FCC6 /* Debug */,
				5D0DB20AC470E6E7B9EAD175 /* Release */,
			);
			defaultConfigurationIsVisible = 0;
			defaultConfigurationName = Release;
		};
/* End XCConfigurationList section */

/* Begin XCRemoteSwiftPackageReference section */
		7EFA00012F5380A000000002 /* XCRemoteSwiftPackageReference "firebase-ios-sdk" */ = {
			isa = XCRemoteSwiftPackageReference;
			repositoryURL = "https://github.com/firebase/firebase-ios-sdk";
			requirement = {
				kind = upToNextMajorVersion;
				minimumVersion = 11.0.0;
			};
		};
/* End XCRemoteSwiftPackageReference section */

/* Begin XCSwiftPackageProductDependency section */
		7EFA00012F5380A000000001 /* FirebaseAnalytics */ = {
			isa = XCSwiftPackageProductDependency;
			package = 7EFA00012F5380A000000002 /* XCRemoteSwiftPackageReference "firebase-ios-sdk" */;
			productName = FirebaseAnalytics;
		};
/* End XCSwiftPackageProductDependency section */
	};
	rootObject = 7E0BF8692F4E1B9800BAFC68 /* Project object */;
}
